
Microsoft Visual Studio Solution File, Format Version 12.00
# Visual Studio Express 2012 for Windows Desktop
Project("{FAE04EC0-301F-11D3-BF4B-00C04F79EFBC}") = "prjFortrex.Server", "prjFortrex.Server\prjFortrex.Server.csproj", "{B9756469-B7ED-4A63-AF9E-605B71E2BCBE}"
EndProject
Project("{FAE04EC0-301F-11D3-BF4B-00C04F79EFBC}") = "prjFortrex.GameEngine", "prjFortrex.GameEngine\prjFortrex.GameEngine.csproj", "{1A014D8F-E8CC-48CC-A646-2B5991C4E890}"
EndProject
Project("{FAE04EC0-301F-11D3-BF4B-00C04F79EFBC}") = "prjFortrex.Tests", "prjFortrex.Tests\prjFortrex.Tests.csproj", "{16A984F8-D538-48AD-903C-85E514CC909F}"
EndProject
Project("{FAE04EC0-301F-11D3-BF4B-00C04F79EFBC}") = "prjFortrex.Client", "prjFortrex.Client\prjFortrex.Client.csproj", "{6D1AD41D-349A-4D4B-A4C9-E2028E54B6A2}"
EndProject
Project("{FAE04EC0-301F-11D3-BF4B-00C04F79EFBC}") = "prjFortrex.Tools", "prjFortrex.Tools\prjFortrex.Tools.csproj", "{FCD5C935-1D82-4A8C-87E5-F5034EBEE481}"
EndProject
Global
	GlobalSection(SolutionConfigurationPlatforms) = preSolution
		Debug|Any CPU = Debug|Any CPU
		Release|Any CPU = Release|Any CPU
	EndGlobalSection
	GlobalSection(ProjectConfigurationPlatforms) = postSolution
		{B9756469-B7ED-4A63-AF9E-605B71E2BCBE}.Debug|Any CPU.ActiveCfg = Debug|Any CPU
		{B9756469-B7ED-4A63-AF9E-605B71E2BCBE}.Debug|Any CPU.Build.0 = Debug|Any CPU
		{B9756469-B7ED-4A63-AF9E-605B71E2BCBE}.Release|Any CPU.ActiveCfg = Release|Any CPU
		{B9756469-B7ED-4A63-AF9E-605B71E2BCBE}.Release|Any CPU.Build.0 = Release|Any CPU
		{1A014D8F-E8CC-48CC-A646-2B5991C4E890}.Debug|Any CPU.ActiveCfg = Debug|Any CPU
		{1A014D8F-E8CC-48CC-A646-2B5991C4E890}.Debug|Any CPU.Build.0 = Debug|Any CPU
		{1A014D8F-E8CC-48CC-A646-2B5991C4E890}.Release|Any CPU.ActiveCfg = Release|Any CPU
		{1A014D8F-E8CC-48CC-A646-2B5991C4E890}.Release|Any CPU.Build.0 = Release|Any CPU
		{16A984F8-D538-48AD-903C-85E514CC909F}.Debug|Any CPU.ActiveCfg = Debug|Any CPU
		{16A984F8-D538-48AD-903C-85E514CC909F}.Debug|Any CPU.Build.0 = Debug|Any CPU
		{16A984F8-D538-48AD-903C-85E514CC909F}.Release|Any CPU.ActiveCfg = Release|Any CPU
		{16A984F8-D538-48AD-903C-85E514CC909F}.Release|Any CPU.Build.0 = Release|Any CPU
		{6D1AD41D-349A-4D4B-A4C9-E2028E54B6A2}.Debug|Any CPU.ActiveCfg = Debug|Any CPU
		{6D1AD41D-349A-4D4B-A4C9-E2028E54B6A2}.Debug|Any CPU.Build.0 = Debug|Any CPU
		{6D1AD41D-349A-4D4B-A4C9-E2028E54B6A2}.Release|Any CPU.ActiveCfg = Release|Any CPU
		{6D1AD41D-349A-4D4B-A4C9-E2028E54B6A2}.Release|Any CPU.Build.0 = Release|Any CPU
		{FCD5C935-1D82-4A8C-87E5-F5034EBEE481}.Debug|Any CPU.ActiveCfg = Debug|Any CPU
		{FCD5C935-1D82-4A8C-87E5-F5034EBEE481}.Debug|Any CPU.Build.0 = Debug|Any CPU
		{FCD5C935-1D82-4A8C-87E5-F5034EBEE481}.Release|Any CPU.ActiveCfg = Release|Any CPU
		{FCD5C935-1D82-4A8C-87E5-F5034EBEE481}.Release|Any CPU.Build.0 = Release|Any CPU
	EndGlobalSection
	GlobalSection(SolutionProperties) = preSolution
		HideSolutionNode = FALSE
	EndGlobalSection
EndGlobal
